
Microsoft Visual Studio Solution File, Format Version 12.00
# Visual Studio Version 17
VisualStudioVersion = 17.2.32519.379
MinimumVisualStudioVersion = 10.0.40219.1
Project("{FAE04EC0-301F-11D3-BF4B-00C04F79EFBC}") = "Taschenrechner", "Taschenrechner\Taschenrechner.csproj", "{44B49430-BA3F-4D2B-A0CE-4AC1E31D8384}"
EndProject
Global
	GlobalSection(SolutionConfigurationPlatforms) = preSolution
		Debug|Any CPU = Debug|Any CPU
		Release|Any CPU = Release|Any CPU
	EndGlobalSection
	GlobalSection(ProjectConfigurationPlatforms) = postSolution
		{44B49430-BA3F-4D2B-A0CE-4AC1E31D8384}.Debug|Any CPU.ActiveCfg = Debug|Any CPU
		{44B49430-BA3F-4D2B-A0CE-4AC1E31D8384}.Debug|Any CPU.Build.0 = Debug|Any CPU
		{44B49430-BA3F-4D2B-A0CE-4AC1E31D8384}.Release|Any CPU.ActiveCfg = Release|Any CPU
		{44B49430-BA3F-4D2B-A0CE-4AC1E31D8384}.Release|Any CPU.Build.0 = Release|Any CPU
	EndGlobalSection
	GlobalSection(SolutionProperties) = preSolution
		HideSolutionNode = FALSE
	EndGlobalSection
	GlobalSection(ExtensibilityGlobals) = postSolution
		SolutionGuid = {2158947B-A8BE-4806-8636-E693C8249203}
	EndGlobalSection
EndGlobal
